
Microsoft Visual Studio Solution File, Format Version 12.00
# Visual Studio Version 16
VisualStudioVersion = 16.0.30907.101
MinimumVisualStudioVersion = 10.0.40219.1
Project("{FAE04EC0-301F-11D3-BF4B-00C04F79EFBC}") = "factorial", "factorial\factorial.csproj", "{20C55235-35CB-45A1-A8A5-18582FE49B82}"
EndProject
Global
	GlobalSection(SolutionConfigurationPlatforms) = preSolution
		Debug|Any CPU = Debug|Any CPU
		Release|Any CPU = Release|Any CPU
	EndGlobalSection
	GlobalSection(ProjectConfigurationPlatforms) = postSolution
		{20C55235-35CB-45A1-A8A5-18582FE49B82}.Debug|Any CPU.ActiveCfg = Debug|Any CPU
		{20C55235-35CB-45A1-A8A5-18582FE49B82}.Debug|Any CPU.Build.0 = Debug|Any CPU
		{20C55235-35CB-45A1-A8A5-18582FE49B82}.Release|Any CPU.ActiveCfg = Release|Any CPU
		{20C55235-35CB-45A1-A8A5-18582FE49B82}.Release|Any CPU.Build.0 = Release|Any CPU
	EndGlobalSection
	GlobalSection(SolutionProperties) = preSolution
		HideSolutionNode = FALSE
	EndGlobalSection
	GlobalSection(ExtensibilityGlobals) = postSolution
		SolutionGuid = {111C2284-70B9-4B94-8C39-FD94DE7FFE71}
	EndGlobalSection
EndGlobal
